<?xml version="1.0" encoding="utf-8"?>
<Project ToolsVersion="4.0" xmlns="http://schemas.microsoft.com/developer/msbuild/2003">
  <ItemGroup>
    <Filter Include="External Header Files">
      <UniqueIdentifier>{1628169F-4CCB-27FD-6CDD-58230C21AE27}</UniqueIdentifier>
    </Filter>
    <Filter Include="External Header Files\mxtk">
      <UniqueIdentifier>{D140CF97-C5D7-2120-DC86-116456314803}</UniqueIdentifier>
    </Filter>
    <Filter Include="External Source Files">
      <UniqueIdentifier>{6391C8D7-BB9B-F8F6-5D8D-9C00E84BD5C4}</UniqueIdentifier>
    </Filter>
    <Filter Include="Header Files">
      <UniqueIdentifier>{1680C80B-FF1E-EA4D-9817-CC12254F2E40}</UniqueIdentifier>
    </Filter>
    <Filter Include="Link Libraries">
      <UniqueIdentifier>{C5D73B3A-C648-896C-B7CE-F174808E5BA5}</UniqueIdentifier>
    </Filter>
    <Filter Include="Resources">
      <UniqueIdentifier>{DDCF50C2-9294-D441-4F3F-7C1BBC892CB5}</UniqueIdentifier>
    </Filter>
    <Filter Include="Source Files">
      <UniqueIdentifier>{BA03E055-4FA2-FCE3-8A1C-D348547D379C}</UniqueIdentifier>
    </Filter>
    <Filter Include="VPC Scripts">
      <UniqueIdentifier>{A40EE377-781A-C6B9-0C7C-B3BE118D248E}</UniqueIdentifier>
    </Filter>
  </ItemGroup>
  <ItemGroup>
    <Library Include="..\..\lib\public\appframework.lib">
      <Filter>Link Libraries</Filter>
    </Library>
    <Library Include="..\..\lib\public\bitmap.lib">
      <Filter>Link Libraries</Filter>
    </Library>
    <Library Include="..\..\lib\public\mathlib.lib">
      <Filter>Link Libraries</Filter>
    </Library>
    <Library Include="..\..\lib\common\mxtoolkitwin32.lib">
      <Filter>Link Libraries</Filter>
    </Library>
    <Library Include="..\..\lib\public\tier0.lib">
      <Filter>Link Libraries</Filter>
    </Library>
    <Library Include="..\..\lib\public\tier1.lib">
      <Filter>Link Libraries</Filter>
    </Library>
    <Library Include="..\..\lib\public\tier2.lib">
      <Filter>Link Libraries</Filter>
    </Library>
    <Library Include="..\..\lib\public\vstdlib.lib">
      <Filter>Link Libraries</Filter>
    </Library>
  </ItemGroup>
  <ItemGroup>
    <ClInclude Include="..\..\public\mathlib\amd3dx.h">
      <Filter>External Header Files</Filter>
    </ClInclude>
    <ClInclude Include="..\..\public\basehandle.h">
      <Filter>External Header Files</Filter>
    </ClInclude>
    <ClInclude Include="..\..\public\tier0\basetypes.h">
      <Filter>External Header Files</Filter>
    </ClInclude>
    <ClInclude Include="..\..\public\bitvec.h">
      <Filter>External Header Files</Filter>
    </ClInclude>
    <ClInclude Include="..\..\public\bone_accessor.h">
      <Filter>External Header Files</Filter>
    </ClInclude>
    <ClInclude Include="..\..\public\bone_setup.h">
      <Filter>External Header Files</Filter>
    </ClInclude>
    <ClInclude Include="..\..\public\bspflags.h">
      <Filter>External Header Files</Filter>
    </ClInclude>
    <ClInclude Include="..\..\public\tier1\characterset.h">
      <Filter>External Header Files</Filter>
    </ClInclude>
    <ClInclude Include="..\common\cmdlib.h">
      <Filter>External Header Files</Filter>
    </ClInclude>
    <ClInclude Include="..\..\public\cmodel.h">
      <Filter>External Header Files</Filter>
    </ClInclude>
    <ClInclude Include="..\..\public\CollisionUtils.h">
      <Filter>External Header Files</Filter>
    </ClInclude>
    <ClInclude Include="..\..\public\tier0\commonmacros.h">
      <Filter>External Header Files</Filter>
    </ClInclude>
    <ClInclude Include="..\..\public\mathlib\compressed_vector.h">
      <Filter>External Header Files</Filter>
    </ClInclude>
    <ClInclude Include="..\..\public\const.h">
      <Filter>External Header Files</Filter>
    </ClInclude>
    <ClInclude Include="..\..\public\vphysics\constraints.h">
      <Filter>External Header Files</Filter>
    </ClInclude>
    <ClInclude Include="..\..\public\tier0\dbg.h">
      <Filter>External Header Files</Filter>
    </ClInclude>
    <ClInclude Include="..\..\public\tier0\fasttimer.h">
      <Filter>External Header Files</Filter>
    </ClInclude>
    <ClInclude Include="..\..\public\filesystem.h">
      <Filter>External Header Files</Filter>
    </ClInclude>
    <ClInclude Include="..\..\public\filesystem_helpers.h">
      <Filter>External Header Files</Filter>
    </ClInclude>
    <ClInclude Include="..\..\public\tier1\fmtstr.h">
      <Filter>External Header Files</Filter>
    </ClInclude>
    <ClInclude Include="..\..\public\gametrace.h">
      <Filter>External Header Files</Filter>
    </ClInclude>
    <ClInclude Include="..\..\public\appframework\IAppSystem.h">
      <Filter>External Header Files</Filter>
    </ClInclude>
    <ClInclude Include="..\..\public\tier0\icommandline.h">
      <Filter>External Header Files</Filter>
    </ClInclude>
    <ClInclude Include="..\..\public\ihandleentity.h">
      <Filter>External Header Files</Filter>
    </ClInclude>
    <ClInclude Include="..\..\public\materialsystem\imaterial.h">
      <Filter>External Header Files</Filter>
    </ClInclude>
    <ClInclude Include="..\..\public\materialsystem\imaterialproxyfactory.h">
      <Filter>External Header Files</Filter>
    </ClInclude>
    <ClInclude Include="..\..\public\materialsystem\imaterialsystem.h">
      <Filter>External Header Files</Filter>
    </ClInclude>
    <ClInclude Include="..\..\public\materialsystem\imaterialsystemhardwareconfig.h">
      <Filter>External Header Files</Filter>
    </ClInclude>
    <ClInclude Include="..\..\public\materialsystem\imaterialvar.h">
      <Filter>External Header Files</Filter>
    </ClInclude>
    <ClInclude Include="..\..\public\materialsystem\imesh.h">
      <Filter>External Header Files</Filter>
    </ClInclude>
    <ClInclude Include="..\..\public\tier1\interface.h">
      <Filter>External Header Files</Filter>
    </ClInclude>
    <ClInclude Include="..\..\public\ISpatialPartition.h">
      <Filter>External Header Files</Filter>
    </ClInclude>
    <ClInclude Include="..\..\public\istudiorender.h">
      <Filter>External Header Files</Filter>
    </ClInclude>
    <ClInclude Include="..\..\public\materialsystem\itexture.h">
      <Filter>External Header Files</Filter>
    </ClInclude>
    <ClInclude Include="..\..\public\jigglebones.h">
      <Filter>External Header Files</Filter>
    </ClInclude>
    <ClInclude Include="..\..\public\materialsystem\materialsystem_config.h">
      <Filter>External Header Files</Filter>
    </ClInclude>
    <ClInclude Include="..\..\public\mathlib\mathlib.h">
      <Filter>External Header Files</Filter>
    </ClInclude>
    <ClInclude Include="..\..\public\tier0\memdbgoff.h">
      <Filter>External Header Files</Filter>
    </ClInclude>
    <ClInclude Include="..\..\public\tier0\memdbgon.h">
      <Filter>External Header Files</Filter>
    </ClInclude>
    <ClInclude Include="..\..\public\tier1\mempool.h">
      <Filter>External Header Files</Filter>
    </ClInclude>
    <ClInclude Include="..\..\public\mouthinfo.h">
      <Filter>External Header Files</Filter>
    </ClInclude>
    <ClInclude Include="..\..\public\phyfile.h">
      <Filter>External Header Files</Filter>
    </ClInclude>
    <ClInclude Include="..\common\physdll.h">
      <Filter>External Header Files</Filter>
    </ClInclude>
    <ClInclude Include="..\..\public\tier0\platform.h">
      <Filter>External Header Files</Filter>
    </ClInclude>
    <ClInclude Include="..\..\public\tier0\protected_things.h">
      <Filter>External Header Files</Filter>
    </ClInclude>
    <ClInclude Include="..\..\public\vstdlib\random.h">
      <Filter>External Header Files</Filter>
    </ClInclude>
    <ClInclude Include="..\..\public\string_t.h">
      <Filter>External Header Files</Filter>
    </ClInclude>
    <ClInclude Include="..\..\public\tier1\strtools.h">
      <Filter>External Header Files</Filter>
    </ClInclude>
    <ClInclude Include="..\..\public\studio.h">
      <Filter>External Header Files</Filter>
    </ClInclude>
    <ClInclude Include="..\..\public\texture_group_names.h">
      <Filter>External Header Files</Filter>
    </ClInclude>
    <ClInclude Include="..\..\public\tier1\utlbuffer.h">
      <Filter>External Header Files</Filter>
    </ClInclude>
    <ClInclude Include="..\..\public\tier1\utldict.h">
      <Filter>External Header Files</Filter>
    </ClInclude>
    <ClInclude Include="..\..\public\tier1\utllinkedlist.h">
      <Filter>External Header Files</Filter>
    </ClInclude>
    <ClInclude Include="..\..\public\tier1\utlmemory.h">
      <Filter>External Header Files</Filter>
    </ClInclude>
    <ClInclude Include="..\..\public\tier1\utlrbtree.h">
      <Filter>External Header Files</Filter>
    </ClInclude>
    <ClInclude Include="..\..\public\tier1\utlsymbol.h">
      <Filter>External Header Files</Filter>
    </ClInclude>
    <ClInclude Include="..\..\public\tier1\utlvector.h">
      <Filter>External Header Files</Filter>
    </ClInclude>
    <ClInclude Include="..\..\public\vcollide.h">
      <Filter>External Header Files</Filter>
    </ClInclude>
    <ClInclude Include="..\..\public\vcollide_parse.h">
      <Filter>External Header Files</Filter>
    </ClInclude>
    <ClInclude Include="..\..\public\mathlib\vector.h">
      <Filter>External Header Files</Filter>
    </ClInclude>
    <ClInclude Include="..\..\public\mathlib\vector2d.h">
      <Filter>External Header Files</Filter>
    </ClInclude>
    <ClInclude Include="..\..\public\mathlib\vector4d.h">
      <Filter>External Header Files</Filter>
    </ClInclude>
    <ClInclude Include="..\..\public\mathlib\vmatrix.h">
      <Filter>External Header Files</Filter>
    </ClInclude>
    <ClInclude Include="..\..\public\vphysics_interface.h">
      <Filter>External Header Files</Filter>
    </ClInclude>
    <ClInclude Include="..\..\public\mathlib\vplane.h">
      <Filter>External Header Files</Filter>
    </ClInclude>
    <ClInclude Include="..\..\public\tier0\vprof.h">
      <Filter>External Header Files</Filter>
    </ClInclude>
    <ClInclude Include="..\..\public\vstdlib\vstdlib.h">
      <Filter>External Header Files</Filter>
    </ClInclude>
    <ClInclude Include="..\..\public\mxtk\mx.h">
      <Filter>External Header Files\mxtk</Filter>
    </ClInclude>
    <ClInclude Include="..\..\public\mxtk\mxBmp.h">
      <Filter>External Header Files\mxtk</Filter>
    </ClInclude>
    <ClInclude Include="..\..\public\mxtk\mxButton.h">
      <Filter>External Header Files\mxtk</Filter>
    </ClInclude>
    <ClInclude Include="..\..\public\mxtk\mxCheckBox.h">
      <Filter>External Header Files\mxtk</Filter>
    </ClInclude>
    <ClInclude Include="..\..\public\mxtk\mxChoice.h">
      <Filter>External Header Files\mxtk</Filter>
    </ClInclude>
    <ClInclude Include="..\..\public\mxtk\mxChooseColor.h">
      <Filter>External Header Files\mxtk</Filter>
    </ClInclude>
    <ClInclude Include="..\..\public\mxtk\mxEvent.h">
      <Filter>External Header Files\mxtk</Filter>
    </ClInclude>
    <ClInclude Include="..\..\public\mxtk\mxFileDialog.h">
      <Filter>External Header Files\mxtk</Filter>
    </ClInclude>
    <ClInclude Include="..\..\public\mxtk\mxGlWindow.h">
      <Filter>External Header Files\mxtk</Filter>
    </ClInclude>
    <ClInclude Include="..\..\public\mxtk\mxGroupBox.h">
      <Filter>External Header Files\mxtk</Filter>
    </ClInclude>
    <ClInclude Include="..\..\public\mxtk\mxImage.h">
      <Filter>External Header Files\mxtk</Filter>
    </ClInclude>
    <ClInclude Include="..\..\public\mxtk\mxInit.h">
      <Filter>External Header Files\mxtk</Filter>
    </ClInclude>
    <ClInclude Include="..\..\public\mxtk\mxLabel.h">
      <Filter>External Header Files\mxtk</Filter>
    </ClInclude>
    <ClInclude Include="..\..\public\mxtk\mxLineEdit.h">
      <Filter>External Header Files\mxtk</Filter>
    </ClInclude>
    <ClInclude Include="..\..\public\mxtk\mxLinkedList.h">
      <Filter>External Header Files\mxtk</Filter>
    </ClInclude>
    <ClInclude Include="..\..\public\mxtk\mxListBox.h">
      <Filter>External Header Files\mxtk</Filter>
    </ClInclude>
    <ClInclude Include="..\..\public\mxtk\mxMatSysWindow.h">
      <Filter>External Header Files\mxtk</Filter>
    </ClInclude>
    <ClInclude Include="..\..\public\mxtk\mxMenu.h">
      <Filter>External Header Files\mxtk</Filter>
    </ClInclude>
    <ClInclude Include="..\..\public\mxtk\mxMenuBar.h">
      <Filter>External Header Files\mxtk</Filter>
    </ClInclude>
    <ClInclude Include="..\..\public\mxtk\mxMessageBox.h">
      <Filter>External Header Files\mxtk</Filter>
    </ClInclude>
    <ClInclude Include="..\..\public\mxtk\mxpath.h">
      <Filter>External Header Files\mxtk</Filter>
    </ClInclude>
    <ClInclude Include="..\..\public\mxtk\mxPcx.h">
      <Filter>External Header Files\mxtk</Filter>
    </ClInclude>
    <ClInclude Include="..\..\public\mxtk\mxPopupMenu.h">
      <Filter>External Header Files\mxtk</Filter>
    </ClInclude>
    <ClInclude Include="..\..\public\mxtk\mxProgressBar.h">
      <Filter>External Header Files\mxtk</Filter>
    </ClInclude>
    <ClInclude Include="..\..\public\mxtk\mxRadioButton.h">
      <Filter>External Header Files\mxtk</Filter>
    </ClInclude>
    <ClInclude Include="..\..\public\mxtk\mxScrollbar.h">
      <Filter>External Header Files\mxtk</Filter>
    </ClInclude>
    <ClInclude Include="..\..\public\mxtk\mxSlider.h">
      <Filter>External Header Files\mxtk</Filter>
    </ClInclude>
    <ClInclude Include="..\..\public\mxtk\mxstring.h">
      <Filter>External Header Files\mxtk</Filter>
    </ClInclude>
    <ClInclude Include="..\..\public\mxtk\mxTab.h">
      <Filter>External Header Files\mxtk</Filter>
    </ClInclude>
    <ClInclude Include="..\..\public\mxtk\mxTga.h">
      <Filter>External Header Files\mxtk</Filter>
    </ClInclude>
    <ClInclude Include="..\..\public\mxtk\mxToggleButton.h">
      <Filter>External Header Files\mxtk</Filter>
    </ClInclude>
    <ClInclude Include="..\..\public\mxtk\mxToolTip.h">
      <Filter>External Header Files\mxtk</Filter>
    </ClInclude>
    <ClInclude Include="..\..\public\mxtk\mxTreeView.h">
      <Filter>External Header Files\mxtk</Filter>
    </ClInclude>
    <ClInclude Include="..\..\public\mxtk\mxWidget.h">
      <Filter>External Header Files\mxtk</Filter>
    </ClInclude>
    <ClInclude Include="..\..\public\mxtk\mxWindow.h">
      <Filter>External Header Files\mxtk</Filter>
    </ClInclude>
    <ClInclude Include="anorms.h">
      <Filter>Header Files</Filter>
    </ClInclude>
    <ClInclude Include="attachments_window.h">
      <Filter>Header Files</Filter>
    </ClInclude>
    <ClInclude Include="controlpanel.h">
      <Filter>Header Files</Filter>
    </ClInclude>
    <ClInclude Include="debugdrawmodel.h">
      <Filter>Header Files</Filter>
    </ClInclude>
    <ClInclude Include="fileassociation.h">
      <Filter>Header Files</Filter>
    </ClInclude>
    <ClInclude Include="matsyswin.h">
      <Filter>Header Files</Filter>
    </ClInclude>
    <ClInclude Include="mdlviewer.h">
      <Filter>Header Files</Filter>
    </ClInclude>
    <ClInclude Include="mxLineEdit2.h">
      <Filter>Header Files</Filter>
    </ClInclude>
    <ClInclude Include="pakviewer.h">
      <Filter>Header Files</Filter>
    </ClInclude>
    <ClInclude Include="physmesh.h">
      <Filter>Header Files</Filter>
    </ClInclude>
    <ClInclude Include="resource.h">
      <Filter>Header Files</Filter>
    </ClInclude>
    <ClInclude Include="studio_render.h">
      <Filter>Header Files</Filter>
    </ClInclude>
    <ClInclude Include="studiomodel.h">
      <Filter>Header Files</Filter>
    </ClInclude>
    <ClInclude Include="sys.h">
      <Filter>Header Files</Filter>
    </ClInclude>
    <ClInclude Include="viewersettings.h">
      <Filter>Header Files</Filter>
    </ClInclude>
  </ItemGroup>
  <ItemGroup>
    <ClCompile Include="..\..\public\bone_setup.cpp">
      <Filter>External Source Files</Filter>
    </ClCompile>
    <ClCompile Include="..\..\public\collisionutils.cpp">
      <Filter>External Source Files</Filter>
    </ClCompile>
    <ClCompile Include="..\..\public\filesystem_helpers.cpp">
      <Filter>External Source Files</Filter>
    </ClCompile>
    <ClCompile Include="..\..\public\filesystem_init.cpp">
      <Filter>External Source Files</Filter>
    </ClCompile>
    <ClCompile Include="..\..\public\jigglebones.cpp">
      <Filter>External Source Files</Filter>
    </ClCompile>
    <ClCompile Include="..\..\public\studio.cpp">
      <Filter>External Source Files</Filter>
    </ClCompile>
    <ClCompile Include="attachments_window.cpp">
      <Filter>Source Files</Filter>
    </ClCompile>
    <ClCompile Include="controlpanel.cpp">
      <Filter>Source Files</Filter>
    </ClCompile>
    <ClCompile Include="debugdrawmodel.cpp">
      <Filter>Source Files</Filter>
    </ClCompile>
    <ClCompile Include="fileassociation.cpp">
      <Filter>Source Files</Filter>
    </ClCompile>
    <ClCompile Include="matsyswin.cpp">
      <Filter>Source Files</Filter>
    </ClCompile>
    <ClCompile Include="mdlviewer.cpp">
      <Filter>Source Files</Filter>
    </ClCompile>
    <ClCompile Include="..\..\public\tier0\memoverride.cpp">
      <Filter>Source Files</Filter>
    </ClCompile>
    <ClCompile Include="mxLineEdit2.cpp">
      <Filter>Source Files</Filter>
    </ClCompile>
    <ClCompile Include="pakviewer.cpp">
      <Filter>Source Files</Filter>
    </ClCompile>
    <ClCompile Include="physmesh.cpp">
      <Filter>Source Files</Filter>
    </ClCompile>
    <ClCompile Include="studio_flex.cpp">
      <Filter>Source Files</Filter>
    </ClCompile>
    <ClCompile Include="studio_render.cpp">
      <Filter>Source Files</Filter>
    </ClCompile>
    <ClCompile Include="studio_utils.cpp">
      <Filter>Source Files</Filter>
    </ClCompile>
    <ClCompile Include="sys_win.cpp">
      <Filter>Source Files</Filter>
    </ClCompile>
    <ClCompile Include="viewersettings.cpp">
      <Filter>Source Files</Filter>
    </ClCompile>
  </ItemGroup>
  <ItemGroup>
    <ResourceCompile Include="hlmv.rc">
      <Filter>Resources</Filter>
    </ResourceCompile>
  </ItemGroup>
  <ItemGroup>
    <CustomBuild Include="..\..\public\tier0\pointeroverride.asm">
      <Filter>Source Files</Filter>
    </CustomBuild>
    <CustomBuild Include="hlmv.vpc">
      <Filter>VPC Scripts</Filter>
    </CustomBuild>
  </ItemGroup>
  <ItemGroup>
    <None Include="icon1.ico">
      <Filter>Resources</Filter>
    </None>
    <None Include="..\..\vpc_scripts\loadaddress.vpc">
      <Filter>VPC Scripts</Filter>
    </None>
    <None Include="..\..\vpc_scripts\platform_dirs.vpc">
      <Filter>VPC Scripts</Filter>
    </None>
    <None Include="..\..\vpc_scripts\source_base.vpc">
      <Filter>VPC Scripts</Filter>
    </None>
    <None Include="..\..\vpc_scripts\source_exe_base.vpc">
      <Filter>VPC Scripts</Filter>
    </None>
    <None Include="..\..\vpc_scripts\source_exe_win_win32_base.vpc">
      <Filter>VPC Scripts</Filter>
    </None>
    <None Include="..\..\vpc_scripts\source_exe_win_win32_debug.vpc">
      <Filter>VPC Scripts</Filter>
    </None>
    <None Include="..\..\vpc_scripts\source_exe_win_win32_release.vpc">
      <Filter>VPC Scripts</Filter>
    </None>
    <None Include="..\..\vpc_scripts\source_video_base.vpc">
      <Filter>VPC Scripts</Filter>
    </None>
    <None Include="..\..\vpc_scripts\source_win32_base.vpc">
      <Filter>VPC Scripts</Filter>
    </None>
    <None Include="..\..\vpc_scripts\version.vpc">
      <Filter>VPC Scripts</Filter>
    </None>
  </ItemGroup>
</Project>
